
Microsoft Visual Studio Solution File, Format Version 12.00
# Visual Studio Version 17
VisualStudioVersion = 17.6.33723.286
MinimumVisualStudioVersion = 10.0.40219.1
Project("{FAE04EC0-301F-11D3-BF4B-00C04F79EFBC}") = "CI-CD", "CI-CD.csproj", "{6BAE7191-6AE3-4D48-BFD1-9165D22ACDC5}"
EndProject
Global
	GlobalSection(SolutionConfigurationPlatforms) = preSolution
		Debug|Any CPU = Debug|Any CPU
		Release|Any CPU = Release|Any CPU
	EndGlobalSection
	GlobalSection(ProjectConfigurationPlatforms) = postSolution
		{6BAE7191-6AE3-4D48-BFD1-9165D22ACDC5}.Debug|Any CPU.ActiveCfg = Debug|Any CPU
		{6BAE7191-6AE3-4D48-BFD1-9165D22ACDC5}.Debug|Any CPU.Build.0 = Debug|Any CPU
		{6BAE7191-6AE3-4D48-BFD1-9165D22ACDC5}.Release|Any CPU.ActiveCfg = Release|Any CPU
		{6BAE7191-6AE3-4D48-BFD1-9165D22ACDC5}.Release|Any CPU.Build.0 = Release|Any CPU
	EndGlobalSection
	GlobalSection(SolutionProperties) = preSolution
		HideSolutionNode = FALSE
	EndGlobalSection
	GlobalSection(ExtensibilityGlobals) = postSolution
		SolutionGuid = {0C3ED8F4-22F9-4118-B9AF-B75F8F454130}
	EndGlobalSection
EndGlobal
